<?xml version="1.0" encoding="utf-8"?>
<Project ToolsVersion="4.0" xmlns="http://schemas.microsoft.com/developer/msbuild/2003">
  <ItemGroup>
    <Filter Include="Core">
      <UniqueIdentifier>{2EB4837C-1AEB-840D-C3D7-6A10AFED000F}</UniqueIdentifier>
    </Filter>
    <Filter Include="Math">
      <UniqueIdentifier>{AFF4887C-9B2B-8A0D-4418-7010302E060F}</UniqueIdentifier>
    </Filter>
  </ItemGroup>
  <ItemGroup>
    <ClInclude Include="Source\Runtime\Public\Core.h" />
    <ClInclude Include="Source\Runtime\Public\Core\Log.h">
      <Filter>Core</Filter>
    </ClInclude>
    <ClInclude Include="Source\Runtime\Public\CoreMinimal.h" />
    <ClInclude Include="Source\Runtime\Public\CoreTypes.h" />
    <ClInclude Include="Source\Runtime\Public\Math\Box2D.h">
      <Filter>Math</Filter>
    </ClInclude>
    <ClInclude Include="Source\Runtime\Public\Math\Box3D.h">
      <Filter>Math</Filter>
    </ClInclude>
    <ClInclude Include="Source\Runtime\Public\Math\CoreMath.h">
      <Filter>Math</Filter>
    </ClInclude>
    <ClInclude Include="Source\Runtime\Public\Math\IntBox2D.h">
      <Filter>Math</Filter>
    </ClInclude>
    <ClInclude Include="Source\Runtime\Public\Math\IntBox3D.h">
      <Filter>Math</Filter>
    </ClInclude>
    <ClInclude Include="Source\Runtime\Public\Math\IntVector2.h">
      <Filter>Math</Filter>
    </ClInclude>
    <ClInclude Include="Source\Runtime\Public\Math\IntVector2.inl">
      <Filter>Math</Filter>
    </ClInclude>
    <ClInclude Include="Source\Runtime\Public\Math\IntVector3.h">
      <Filter>Math</Filter>
    </ClInclude>
    <ClInclude Include="Source\Runtime\Public\Math\IntVector3.inl">
      <Filter>Math</Filter>
    </ClInclude>
    <ClInclude Include="Source\Runtime\Public\Math\MathUtils.h">
      <Filter>Math</Filter>
    </ClInclude>
    <ClInclude Include="Source\Runtime\Public\Math\MathUtils.inl">
      <Filter>Math</Filter>
    </ClInclude>
    <ClInclude Include="Source\Runtime\Public\Math\Matrix3x3.h">
      <Filter>Math</Filter>
    </ClInclude>
    <ClInclude Include="Source\Runtime\Public\Math\Matrix3x3.inl">
      <Filter>Math</Filter>
    </ClInclude>
    <ClInclude Include="Source\Runtime\Public\Math\Matrix4x4.h">
      <Filter>Math</Filter>
    </ClInclude>
    <ClInclude Include="Source\Runtime\Public\Math\Matrix4x4.inl">
      <Filter>Math</Filter>
    </ClInclude>
    <ClInclude Include="Source\Runtime\Public\Math\Plane.h">
      <Filter>Math</Filter>
    </ClInclude>
    <ClInclude Include="Source\Runtime\Public\Math\Plane.inl">
      <Filter>Math</Filter>
    </ClInclude>
    <ClInclude Include="Source\Runtime\Public\Math\Quaternion.h">
      <Filter>Math</Filter>
    </ClInclude>
    <ClInclude Include="Source\Runtime\Public\Math\Quaternion.inl">
      <Filter>Math</Filter>
    </ClInclude>
    <ClInclude Include="Source\Runtime\Public\Math\Vector2.h">
      <Filter>Math</Filter>
    </ClInclude>
    <ClInclude Include="Source\Runtime\Public\Math\Vector2.inl">
      <Filter>Math</Filter>
    </ClInclude>
    <ClInclude Include="Source\Runtime\Public\Math\Vector3.h">
      <Filter>Math</Filter>
    </ClInclude>
    <ClInclude Include="Source\Runtime\Public\Math\Vector3.inl">
      <Filter>Math</Filter>
    </ClInclude>
    <ClInclude Include="Source\Runtime\Public\Math\Vector4.h">
      <Filter>Math</Filter>
    </ClInclude>
    <ClInclude Include="Source\Runtime\Public\Math\Vector4.inl">
      <Filter>Math</Filter>
    </ClInclude>
  </ItemGroup>
  <ItemGroup>
    <ClCompile Include="Source\Runtime\Public\CoreMinimal.cpp" />
  </ItemGroup>
</Project>